Microsoft Visual Studio Solution File, Format Version 12.00
# Visual Studio Version 17
VisualStudioVersion = 17.5.2.0
MinimumVisualStudioVersion = 10.0.40219.1
Project("{2150E333-8FDC-42A3-9474-1A3956D46DE8}") = "GimnasioApp", "GimnasioApp", "{8AF9FECD-B3DB-E8E9-0E38-32C3D34236D9}"
EndProject
Project("{FAE04EC0-301F-11D3-BF4B-00C04F79EFBC}") = "RegistroGimnasio", "GimnasioApp\RegistroGimnasio\RegistroGimnasio.csproj", "{7BC32269-BEAF-45D6-9238-3DE7B50F0DF4}"
EndProject
Global
	GlobalSection(SolutionConfigurationPlatforms) = preSolution
		Debug|Any CPU = Debug|Any CPU
		Release|Any CPU = Release|Any CPU
	EndGlobalSection
	GlobalSection(ProjectConfigurationPlatforms) = postSolution
		{7BC32269-BEAF-45D6-9238-3DE7B50F0DF4}.Debug|Any CPU.ActiveCfg = Debug|Any CPU
		{7BC32269-BEAF-45D6-9238-3DE7B50F0DF4}.Debug|Any CPU.Build.0 = Debug|Any CPU
		{7BC32269-BEAF-45D6-9238-3DE7B50F0DF4}.Release|Any CPU.ActiveCfg = Release|Any CPU
		{7BC32269-BEAF-45D6-9238-3DE7B50F0DF4}.Release|Any CPU.Build.0 = Release|Any CPU
	EndGlobalSection
	GlobalSection(SolutionProperties) = preSolution
		HideSolutionNode = FALSE
	EndGlobalSection
	GlobalSection(NestedProjects) = preSolution
		{7BC32269-BEAF-45D6-9238-3DE7B50F0DF4} = {8AF9FECD-B3DB-E8E9-0E38-32C3D34236D9}
	EndGlobalSection
	GlobalSection(ExtensibilityGlobals) = postSolution
		SolutionGuid = {3144EFA9-3DC4-4BD9-AB9F-E341BD64D4E7}
	EndGlobalSection
EndGlobal
